
Microsoft Visual Studio Solution File, Format Version 12.00
# Visual Studio 15
VisualStudioVersion = 15.0.27703.2042
MinimumVisualStudioVersion = 10.0.40219.1
Project("{FAE04EC0-301F-11D3-BF4B-00C04F79EFBC}") = "HttpServerTest", "HttpServerTest\HttpServerTest.csproj", "{DB77AC22-952C-4F04-94F1-3B4BA96379B6}"
EndProject
Project("{FAE04EC0-301F-11D3-BF4B-00C04F79EFBC}") = "MHttpServer", "MHttpServer\MHttpServer.csproj", "{90A0F4B8-57B2-46BC-A00F-03E46A7D3855}"
EndProject
Global
	GlobalSection(SolutionConfigurationPlatforms) = preSolution
		Debug|Any CPU = Debug|Any CPU
		Release|Any CPU = Release|Any CPU
	EndGlobalSection
	GlobalSection(ProjectConfigurationPlatforms) = postSolution
		{DB77AC22-952C-4F04-94F1-3B4BA96379B6}.Debug|Any CPU.ActiveCfg = Debug|Any CPU
		{DB77AC22-952C-4F04-94F1-3B4BA96379B6}.Debug|Any CPU.Build.0 = Debug|Any CPU
		{DB77AC22-952C-4F04-94F1-3B4BA96379B6}.Release|Any CPU.ActiveCfg = Release|Any CPU
		{DB77AC22-952C-4F04-94F1-3B4BA96379B6}.Release|Any CPU.Build.0 = Release|Any CPU
		{90A0F4B8-57B2-46BC-A00F-03E46A7D3855}.Debug|Any CPU.ActiveCfg = Debug|Any CPU
		{90A0F4B8-57B2-46BC-A00F-03E46A7D3855}.Debug|Any CPU.Build.0 = Debug|Any CPU
		{90A0F4B8-57B2-46BC-A00F-03E46A7D3855}.Release|Any CPU.ActiveCfg = Release|Any CPU
		{90A0F4B8-57B2-46BC-A00F-03E46A7D3855}.Release|Any CPU.Build.0 = Release|Any CPU
	EndGlobalSection
	GlobalSection(SolutionProperties) = preSolution
		HideSolutionNode = FALSE
	EndGlobalSection
	GlobalSection(ExtensibilityGlobals) = postSolution
		SolutionGuid = {0D92DA2C-FC03-4490-AF2C-3E72E5D56C56}
	EndGlobalSection
EndGlobal
